
Microsoft Visual Studio Solution File, Format Version 12.00
# Visual Studio Version 17
VisualStudioVersion = 17.4.33205.214
MinimumVisualStudioVersion = 10.0.40219.1
Project("{9A19103F-16F7-4668-BE54-9A1E7A4F7556}") = "TinyEcs", "src\TinyEcs.Sample\TinyEcs.csproj", "{7756CBAB-A03A-4AE7-A2AF-3E8FD8FD5C6D}"
EndProject
Project("{2150E333-8FDC-42A3-9474-1A3956D46DE8}") = "src", "src", "{E5F5B263-28C0-415E-BBD3-AA370FEE093A}"
EndProject
Project("{2150E333-8FDC-42A3-9474-1A3956D46DE8}") = "tests", "tests", "{B5D54911-41E4-4FB5-BA9F-4E5E71FCBDA3}"
EndProject
Project("{9A19103F-16F7-4668-BE54-9A1E7A4F7556}") = "TinyEcs.Tests", "tests\TinyEcs.Tests.csproj", "{D39BBB77-EBFE-4127-97A5-C62FD6D4EB36}"
EndProject
Global
	GlobalSection(SolutionConfigurationPlatforms) = preSolution
		Debug|Any CPU = Debug|Any CPU
		Release|Any CPU = Release|Any CPU
	EndGlobalSection
	GlobalSection(ProjectConfigurationPlatforms) = postSolution
		{7756CBAB-A03A-4AE7-A2AF-3E8FD8FD5C6D}.Debug|Any CPU.ActiveCfg = Debug|Any CPU
		{7756CBAB-A03A-4AE7-A2AF-3E8FD8FD5C6D}.Debug|Any CPU.Build.0 = Debug|Any CPU
		{7756CBAB-A03A-4AE7-A2AF-3E8FD8FD5C6D}.Release|Any CPU.ActiveCfg = Release|Any CPU
		{7756CBAB-A03A-4AE7-A2AF-3E8FD8FD5C6D}.Release|Any CPU.Build.0 = Release|Any CPU
		{D39BBB77-EBFE-4127-97A5-C62FD6D4EB36}.Debug|Any CPU.ActiveCfg = Debug|Any CPU
		{D39BBB77-EBFE-4127-97A5-C62FD6D4EB36}.Debug|Any CPU.Build.0 = Debug|Any CPU
		{D39BBB77-EBFE-4127-97A5-C62FD6D4EB36}.Release|Any CPU.ActiveCfg = Release|Any CPU
		{D39BBB77-EBFE-4127-97A5-C62FD6D4EB36}.Release|Any CPU.Build.0 = Release|Any CPU
	EndGlobalSection
	GlobalSection(SolutionProperties) = preSolution
		HideSolutionNode = FALSE
	EndGlobalSection
	GlobalSection(NestedProjects) = preSolution
		{7756CBAB-A03A-4AE7-A2AF-3E8FD8FD5C6D} = {E5F5B263-28C0-415E-BBD3-AA370FEE093A}
		{D39BBB77-EBFE-4127-97A5-C62FD6D4EB36} = {B5D54911-41E4-4FB5-BA9F-4E5E71FCBDA3}
	EndGlobalSection
	GlobalSection(ExtensibilityGlobals) = postSolution
		SolutionGuid = {41A04670-264C-4A26-AE2E-874466E06CF9}
	EndGlobalSection
EndGlobal
