
Microsoft Visual Studio Solution File, Format Version 12.00
# Visual Studio Version 17
VisualStudioVersion = 17.4.33205.214
MinimumVisualStudioVersion = 10.0.40219.1
Project("{2150E333-8FDC-42A3-9474-1A3956D46DE8}") = "src", "src", "{E5F5B263-28C0-415E-BBD3-AA370FEE093A}"
EndProject
Project("{2150E333-8FDC-42A3-9474-1A3956D46DE8}") = "tests", "tests", "{B5D54911-41E4-4FB5-BA9F-4E5E71FCBDA3}"
EndProject
Project("{9A19103F-16F7-4668-BE54-9A1E7A4F7556}") = "TinyEcs.Tests", "tests\TinyEcs.Tests.csproj", "{D39BBB77-EBFE-4127-97A5-C62FD6D4EB36}"
EndProject
Project("{9A19103F-16F7-4668-BE54-9A1E7A4F7556}") = "TinyEcs", "src\TinyEcs.csproj", "{C1B15479-149D-4951-B16E-1980B5451205}"
EndProject
Project("{2150E333-8FDC-42A3-9474-1A3956D46DE8}") = "samples", "samples", "{1F4AAB6E-01EE-4314-AFD3-C246193A14CA}"
EndProject
Project("{9A19103F-16F7-4668-BE54-9A1E7A4F7556}") = "MyBattleground", "samples\MyBattleground\MyBattleground.csproj", "{95AFBF2E-6A84-44D2-8496-07CD879D9E40}"
EndProject
Project("{9A19103F-16F7-4668-BE54-9A1E7A4F7556}") = "TinyEcsGame", "samples\TinyEcsGame\TinyEcsGame.csproj", "{9FDC10BD-6BCD-4F99-B0FA-E47921DE75B6}"
EndProject
Global
	GlobalSection(SolutionConfigurationPlatforms) = preSolution
		Debug|Any CPU = Debug|Any CPU
		Release|Any CPU = Release|Any CPU
	EndGlobalSection
	GlobalSection(ProjectConfigurationPlatforms) = postSolution
		{D39BBB77-EBFE-4127-97A5-C62FD6D4EB36}.Debug|Any CPU.ActiveCfg = Debug|Any CPU
		{D39BBB77-EBFE-4127-97A5-C62FD6D4EB36}.Debug|Any CPU.Build.0 = Debug|Any CPU
		{D39BBB77-EBFE-4127-97A5-C62FD6D4EB36}.Release|Any CPU.ActiveCfg = Release|Any CPU
		{D39BBB77-EBFE-4127-97A5-C62FD6D4EB36}.Release|Any CPU.Build.0 = Release|Any CPU
		{C1B15479-149D-4951-B16E-1980B5451205}.Debug|Any CPU.ActiveCfg = Debug|Any CPU
		{C1B15479-149D-4951-B16E-1980B5451205}.Debug|Any CPU.Build.0 = Debug|Any CPU
		{C1B15479-149D-4951-B16E-1980B5451205}.Release|Any CPU.ActiveCfg = Release|Any CPU
		{C1B15479-149D-4951-B16E-1980B5451205}.Release|Any CPU.Build.0 = Release|Any CPU
		{95AFBF2E-6A84-44D2-8496-07CD879D9E40}.Debug|Any CPU.ActiveCfg = Debug|Any CPU
		{95AFBF2E-6A84-44D2-8496-07CD879D9E40}.Debug|Any CPU.Build.0 = Debug|Any CPU
		{95AFBF2E-6A84-44D2-8496-07CD879D9E40}.Release|Any CPU.ActiveCfg = Release|Any CPU
		{95AFBF2E-6A84-44D2-8496-07CD879D9E40}.Release|Any CPU.Build.0 = Release|Any CPU
		{9FDC10BD-6BCD-4F99-B0FA-E47921DE75B6}.Debug|Any CPU.ActiveCfg = Debug|Any CPU
		{9FDC10BD-6BCD-4F99-B0FA-E47921DE75B6}.Debug|Any CPU.Build.0 = Debug|Any CPU
		{9FDC10BD-6BCD-4F99-B0FA-E47921DE75B6}.Release|Any CPU.ActiveCfg = Release|Any CPU
		{9FDC10BD-6BCD-4F99-B0FA-E47921DE75B6}.Release|Any CPU.Build.0 = Release|Any CPU
	EndGlobalSection
	GlobalSection(SolutionProperties) = preSolution
		HideSolutionNode = FALSE
	EndGlobalSection
	GlobalSection(NestedProjects) = preSolution
		{D39BBB77-EBFE-4127-97A5-C62FD6D4EB36} = {B5D54911-41E4-4FB5-BA9F-4E5E71FCBDA3}
		{C1B15479-149D-4951-B16E-1980B5451205} = {E5F5B263-28C0-415E-BBD3-AA370FEE093A}
		{95AFBF2E-6A84-44D2-8496-07CD879D9E40} = {1F4AAB6E-01EE-4314-AFD3-C246193A14CA}
		{9FDC10BD-6BCD-4F99-B0FA-E47921DE75B6} = {1F4AAB6E-01EE-4314-AFD3-C246193A14CA}
	EndGlobalSection
	GlobalSection(ExtensibilityGlobals) = postSolution
		SolutionGuid = {41A04670-264C-4A26-AE2E-874466E06CF9}
	EndGlobalSection
EndGlobal
